
Microsoft Visual Studio Solution File, Format Version 12.00
# Visual Studio Version 17
VisualStudioVersion = 17.8.34408.163
MinimumVisualStudioVersion = 10.0.40219.1
Project("{9A19103F-16F7-4668-BE54-9A1E7A4F7556}") = "SISTEMA_AULA", "SISTEMA_AULA\SISTEMA_AULA.csproj", "{832B3619-4701-41B9-A27C-5A6D76A6CE5E}"
EndProject
Project("{9A19103F-16F7-4668-BE54-9A1E7A4F7556}") = "SISTEMA_AULA.MODEL", "SISTEMA_AULA.MODEL\SISTEMA_AULA.MODEL.csproj", "{08D7EFAB-F0D7-4E49-ABDE-1ED490503456}"
EndProject
Project("{FAE04EC0-301F-11D3-BF4B-00C04F79EFBC}") = "SISTEMA_AULA.API", "SISTEMA_AULA.API\SISTEMA_AULA.API.csproj", "{BA25961C-223E-4101-89F7-DBB8E6FD73E1}"
EndProject
Global
	GlobalSection(SolutionConfigurationPlatforms) = preSolution
		Debug|Any CPU = Debug|Any CPU
		Release|Any CPU = Release|Any CPU
	EndGlobalSection
	GlobalSection(ProjectConfigurationPlatforms) = postSolution
		{832B3619-4701-41B9-A27C-5A6D76A6CE5E}.Debug|Any CPU.ActiveCfg = Debug|Any CPU
		{832B3619-4701-41B9-A27C-5A6D76A6CE5E}.Debug|Any CPU.Build.0 = Debug|Any CPU
		{832B3619-4701-41B9-A27C-5A6D76A6CE5E}.Release|Any CPU.ActiveCfg = Release|Any CPU
		{832B3619-4701-41B9-A27C-5A6D76A6CE5E}.Release|Any CPU.Build.0 = Release|Any CPU
		{08D7EFAB-F0D7-4E49-ABDE-1ED490503456}.Debug|Any CPU.ActiveCfg = Debug|Any CPU
		{08D7EFAB-F0D7-4E49-ABDE-1ED490503456}.Debug|Any CPU.Build.0 = Debug|Any CPU
		{08D7EFAB-F0D7-4E49-ABDE-1ED490503456}.Release|Any CPU.ActiveCfg = Release|Any CPU
		{08D7EFAB-F0D7-4E49-ABDE-1ED490503456}.Release|Any CPU.Build.0 = Release|Any CPU
		{BA25961C-223E-4101-89F7-DBB8E6FD73E1}.Debug|Any CPU.ActiveCfg = Debug|Any CPU
		{BA25961C-223E-4101-89F7-DBB8E6FD73E1}.Debug|Any CPU.Build.0 = Debug|Any CPU
		{BA25961C-223E-4101-89F7-DBB8E6FD73E1}.Release|Any CPU.ActiveCfg = Release|Any CPU
		{BA25961C-223E-4101-89F7-DBB8E6FD73E1}.Release|Any CPU.Build.0 = Release|Any CPU
	EndGlobalSection
	GlobalSection(SolutionProperties) = preSolution
		HideSolutionNode = FALSE
	EndGlobalSection
	GlobalSection(ExtensibilityGlobals) = postSolution
		SolutionGuid = {4D0E31DB-8948-428C-AEBC-2947ACD93637}
	EndGlobalSection
EndGlobal
